// !$*UTF8*$!
{
	archiveVersion = 1;
	classes = {
	};
	objectVersion = 50;
	objects = {

/* Begin PBXBuildFile section */
		62103A05228B6E18001EACF2 /* AppDelegate.swift in Sources */ = {isa = PBXBuildFile; fileRef = 62103A04228B6E18001EACF2 /* AppDelegate.swift */; };
		62103A07228B6E18001EACF2 /* ViewController.swift in Sources */ = {isa = PBXBuildFile; fileRef = 62103A06228B6E18001EACF2 /* ViewController.swift */; };
		62103A0A228B6E18001EACF2 /* Main.storyboard in Resources */ = {isa = PBXBuildFile; fileRef = 62103A08228B6E18001EACF2 /* Main.storyboard */; };
		62103A0C228B6E1A001EACF2 /* Assets.xcassets in Resources */ = {isa = PBXBuildFile; fileRef = 62103A0B228B6E1A001EACF2 /* Assets.xcassets */; };
		62103A0F228B6E1A001EACF2 /* LaunchScreen.storyboard in Resources */ = {isa = PBXBuildFile; fileRef = 62103A0D228B6E1A001EACF2 /* LaunchScreen.storyboard */; };
		628C79F3228CBAC2001AE45B /* AdSupport.framework in Frameworks */ = {isa = PBXBuildFile; fileRef = 628C79F2228CBAC1001AE45B /* AdSupport.framework */; settings = {ATTRIBUTES = (Weak, ); }; };
		628C79F9228CBF76001AE45B /* AppsFlyerLib.framework in Frameworks */ = {isa = PBXBuildFile; fileRef = 628C79F8228CBF76001AE45B /* AppsFlyerLib.framework */; };
/* End PBXBuildFile section */

/* Begin PBXFileReference section */
		62103A01228B6E18001EACF2 /* Dicee.app */ = {isa = PBXFileReference; explicitFileType = wrapper.application; includeInIndex = 0; path = Dicee.app; sourceTree = BUILT_PRODUCTS_DIR; };
		62103A04228B6E18001EACF2 /* AppDelegate.swift */ = {isa = PBXFileReference; lastKnownFileType = sourcecode.swift; path = AppDelegate.swift; sourceTree = "<group>"; };
		62103A06228B6E18001EACF2 /* ViewController.swift */ = {isa = PBXFileReference; lastKnownFileType = sourcecode.swift; path = ViewController.swift; sourceTree = "<group>"; };
		62103A09228B6E18001EACF2 /* Base */ = {isa = PBXFileReference; lastKnownFileType = file.storyboard; name = Base; path = Base.lproj/Main.storyboard; sourceTree = "<group>"; };
		62103A0B228B6E1A001EACF2 /* Assets.xcassets */ = {isa = PBXFileReference; lastKnownFileType = folder.assetcatalog; path = Assets.xcassets; sourceTree = "<group>"; };
		62103A0E228B6E1A001EACF2 /* Base */ = {isa = PBXFileReference; lastKnownFileType = file.storyboard; name = Base; path = Base.lproj/LaunchScreen.storyboard; sourceTree = "<group>"; };
		62103A10228B6E1A001EACF2 /* Info.plist */ = {isa = PBXFileReference; lastKnownFileType = text.plist.xml; path = Info.plist; sourceTree = "<group>"; };
		628C79F2228CBAC1001AE45B /* AdSupport.framework */ = {isa = PBXFileReference; lastKnownFileType = wrapper.framework; name = AdSupport.framework; path = System/Library/Frameworks/AdSupport.framework; sourceTree = SDKROOT; };
		628C79F4228CBAC8001AE45B /* iAd.framework */ = {isa = PBXFileReference; lastKnownFileType = wrapper.framework; name = iAd.framework; path = System/Library/Frameworks/iAd.framework; sourceTree = SDKROOT; };
		628C79F8228CBF76001AE45B /* AppsFlyerLib.framework */ = {isa = PBXFileReference; lastKnownFileType = wrapper.framework; name = AppsFlyerLib.framework; path = ../../../Downloads/AppsFlyerLib.framework; sourceTree = "<group>"; };
		628C79FA228CCBC4001AE45B /* Dicee.entitlements */ = {isa = PBXFileReference; lastKnownFileType = text.plist.entitlements; path = Dicee.entitlements; sourceTree = "<group>"; };
/* End PBXFileReference section */

/* Begin PBXFrameworksBuildPhase section */
		621039FE228B6E18001EACF2 /* Frameworks */ = {
			isa = PBXFrameworksBuildPhase;
			buildActionMask = 2147483647;
			files = (
				628C79F3228CBAC2001AE45B /* AdSupport.framework in Frameworks */,
				628C79F9228CBF76001AE45B /* AppsFlyerLib.framework in Frameworks */,
			);
			runOnlyForDeploymentPostprocessing = 0;
		};
/* End PBXFrameworksBuildPhase section */

/* Begin PBXGroup section */
		621039F8228B6E18001EACF2 = {
			isa = PBXGroup;
			children = (
				62103A03228B6E18001EACF2 /* Dicee */,
				62103A02228B6E18001EACF2 /* Products */,
				628C79EF228CBA90001AE45B /* Frameworks */,
			);
			sourceTree = "<group>";
		};
		62103A02228B6E18001EACF2 /* Products */ = {
			isa = PBXGroup;
			children = (
				62103A01228B6E18001EACF2 /* Dicee.app */,
			);
			name = Products;
			sourceTree = "<group>";
		};
		62103A03228B6E18001EACF2 /* Dicee */ = {
			isa = PBXGroup;
			children = (
				628C79FA228CCBC4001AE45B /* Dicee.entitlements */,
				62103A04228B6E18001EACF2 /* AppDelegate.swift */,
				62103A06228B6E18001EACF2 /* ViewController.swift */,
				62103A08228B6E18001EACF2 /* Main.storyboard */,
				62103A0B228B6E1A001EACF2 /* Assets.xcassets */,
				62103A0D228B6E1A001EACF2 /* LaunchScreen.storyboard */,
				62103A10228B6E1A001EACF2 /* Info.plist */,
			);
			path = Dicee;
			sourceTree = "<group>";
		};
		628C79EF228CBA90001AE45B /* Frameworks */ = {
			isa = PBXGroup;
			children = (
				628C79F8228CBF76001AE45B /* AppsFlyerLib.framework */,
				628C79F4228CBAC8001AE45B /* iAd.framework */,
				628C79F2228CBAC1001AE45B /* AdSupport.framework */,
			);
			name = Frameworks;
			sourceTree = "<group>";
		};
/* End PBXGroup section */

/* Begin PBXNativeTarget section */
		62103A00228B6E18001EACF2 /* Dicee */ = {
			isa = PBXNativeTarget;
			buildConfigurationList = 62103A13228B6E1A001EACF2 /* Build configuration list for PBXNativeTarget "Dicee" */;
			buildPhases = (
				621039FD228B6E18001EACF2 /* Sources */,
				621039FE228B6E18001EACF2 /* Frameworks */,
				621039FF228B6E18001EACF2 /* Resources */,
			);
			buildRules = (
			);
			dependencies = (
			);
			name = Dicee;
			productName = Dicee;
			productReference = 62103A01228B6E18001EACF2 /* Dicee.app */;
			productType = "com.apple.product-type.application";
		};
/* End PBXNativeTarget section */

/* Begin PBXProject section */
		621039F9228B6E18001EACF2 /* Project object */ = {
			isa = PBXProject;
			attributes = {
				LastSwiftUpdateCheck = 1020;
				LastUpgradeCheck = 1020;
				ORGANIZATIONNAME = "Eduardo Perez";
				TargetAttributes = {
					62103A00228B6E18001EACF2 = {
						CreatedOnToolsVersion = 10.2.1;
						SystemCapabilities = {
							com.apple.BackgroundModes = {
								enabled = 1;
							};
							com.apple.Push = {
								enabled = 1;
							};
							com.apple.SafariKeychain = {
								enabled = 1;
							};
						};
					};
				};
			};
			buildConfigurationList = 621039FC228B6E18001EACF2 /* Build configuration list for PBXProject "Dicee" */;
			compatibilityVersion = "Xcode 9.3";
			developmentRegion = en;
			hasScannedForEncodings = 0;
			knownRegions = (
				en,
				Base,
			);
			mainGroup = 621039F8228B6E18001EACF2;
			productRefGroup = 62103A02228B6E18001EACF2 /* Products */;
			projectDirPath = "";
			projectRoot = "";
			targets = (
				62103A00228B6E18001EACF2 /* Dicee */,
			);
		};
/* End PBXProject section */

/* Begin PBXResourcesBuildPhase section */
		621039FF228B6E18001EACF2 /* Resources */ = {
			isa = PBXResourcesBuildPhase;
			buildActionMask = 2147483647;
			files = (
				62103A0F228B6E1A001EACF2 /* LaunchScreen.storyboard in Resources */,
				62103A0C228B6E1A001EACF2 /* Assets.xcassets in Resources */,
				62103A0A228B6E18001EACF2 /* Main.storyboard in Resources */,
			);
			runOnlyForDeploymentPostprocessing = 0;
		};
/* End PBXResourcesBuildPhase section */

/* Begin PBXSourcesBuildPhase section */
		621039FD228B6E18001EACF2 /* Sources */ = {
			isa = PBXSourcesBuildPhase;
			buildActionMask = 2147483647;
			files = (
				62103A07228B6E18001EACF2 /* ViewController.swift in Sources */,
				62103A05228B6E18001EACF2 /* AppDelegate.swift in Sources */,
			);
			runOnlyForDeploymentPostprocessing = 0;
		};
/* End PBXSourcesBuildPhase section */

/* Begin PBXVariantGroup section */
		62103A08228B6E18001EACF2 /* Main.storyboard */ = {
			isa = PBXVariantGroup;
			children = (
				62103A09228B6E18001EACF2 /* Base */,
			);
			name = Main.storyboard;
			sourceTree = "<group>";
		};
		62103A0D228B6E1A001EACF2 /* LaunchScreen.storyboard */ = {
			isa = PBXVariantGroup;
			children = (
				62103A0E228B6E1A001EACF2 /* Base */,
			);
			name = LaunchScreen.storyboard;
			sourceTree = "<group>";
		};
/* End PBXVariantGroup section */

/* Begin XCBuildConfiguration section */
		62103A11228B6E1A001EACF2 /* Debug */ = {
			isa = XCBuildConfiguration;
			buildSettings = {
				ALWAYS_SEARCH_USER_PATHS = NO;
				CLANG_ANALYZER_NONNULL = YES;
				CLANG_ANALYZER_NUMBER_OBJECT_CONVERSION = YES_AGGRESSIVE;
				CLANG_CXX_LANGUAGE_STANDARD = "gnu++14";
				CLANG_CXX_LIBRARY = "libc++";
				CLANG_ENABLE_MODULES = YES;
				CLANG_ENABLE_OBJC_ARC = YES;
				CLANG_ENABLE_OBJC_WEAK = YES;
				CLANG_WARN_BLOCK_CAPTURE_AUTORELEASING = YES;
				CLANG_WARN_BOOL_CONVERSION = YES;
				CLANG_WARN_COMMA = YES;
				CLANG_WARN_CONSTANT_CONVERSION = YES;
				CLANG_WARN_DEPRECATED_OBJC_IMPLEMENTATIONS = YES;
				CLANG_WARN_DIRECT_OBJC_ISA_USAGE = YES_ERROR;
				CLANG_WARN_DOCUMENTATION_COMMENTS = YES;
				CLANG_WARN_EMPTY_BODY = YES;
				CLANG_WARN_ENUM_CONVERSION = YES;
				CLANG_WARN_INFINITE_RECURSION = YES;
				CLANG_WARN_INT_CONVERSION = YES;
				CLANG_WARN_NON_LITERAL_NULL_CONVERSION = YES;
				CLANG_WARN_OBJC_IMPLICIT_RETAIN_SELF = YES;
				CLANG_WARN_OBJC_LITERAL_CONVERSION = YES;
				CLANG_WARN_OBJC_ROOT_CLASS = YES_ERROR;
				CLANG_WARN_RANGE_LOOP_ANALYSIS = YES;
				CLANG_WARN_STRICT_PROTOTYPES = YES;
				CLANG_WARN_SUSPICIOUS_MOVE = YES;
				CLANG_WARN_UNGUARDED_AVAILABILITY = YES_AGGRESSIVE;
				CLANG_WARN_UNREACHABLE_CODE = YES;
				CLANG_WARN__DUPLICATE_METHOD_MATCH = YES;
				CODE_SIGN_IDENTITY = "iPhone Developer";
				COPY_PHASE_STRIP = NO;
				DEBUG_INFORMATION_FORMAT = dwarf;
				ENABLE_STRICT_OBJC_MSGSEND = YES;
				ENABLE_TESTABILITY = YES;
				GCC_C_LANGUAGE_STANDARD = gnu11;
				GCC_DYNAMIC_NO_PIC = NO;
				GCC_NO_COMMON_BLOCKS = YES;
				GCC_OPTIMIZATION_LEVEL = 0;
				GCC_PREPROCESSOR_DEFINITIONS = (
					"DEBUG=1",
					"$(inherited)",
				);
				GCC_WARN_64_TO_32_BIT_CONVERSION = YES;
				GCC_WARN_ABOUT_RETURN_TYPE = YES_ERROR;
				GCC_WARN_UNDECLARED_SELECTOR = YES;
				GCC_WARN_UNINITIALIZED_AUTOS = YES_AGGRESSIVE;
				GCC_WARN_UNUSED_FUNCTION = YES;
				GCC_WARN_UNUSED_VARIABLE = YES;
				IPHONEOS_DEPLOYMENT_TARGET = 12.2;
				MTL_ENABLE_DEBUG_INFO = INCLUDE_SOURCE;
				MTL_FAST_MATH = YES;
				ONLY_ACTIVE_ARCH = YES;
				SDKROOT = iphoneos;
				SWIFT_ACTIVE_COMPILATION_CONDITIONS = DEBUG;
				SWIFT_OPTIMIZATION_LEVEL = "-Onone";
			};
			name = Debug;
		};
		62103A12228B6E1A001EACF2 /* Release */ = {
			isa = XCBuildConfiguration;
			buildSettings = {
				ALWAYS_SEARCH_USER_PATHS = NO;
				CLANG_ANALYZER_NONNULL = YES;
				CLANG_ANALYZER_NUMBER_OBJECT_CONVERSION = YES_AGGRESSIVE;
				CLANG_CXX_LANGUAGE_STANDARD = "gnu++14";
				CLANG_CXX_LIBRARY = "libc++";
				CLANG_ENABLE_MODULES = YES;
				CLANG_ENABLE_OBJC_ARC = YES;
				CLANG_ENABLE_OBJC_WEAK = YES;
				CLANG_WARN_BLOCK_CAPTURE_AUTORELEASING = YES;
				CLANG_WARN_BOOL_CONVERSION = YES;
				CLANG_WARN_COMMA = YES;
				CLANG_WARN_CONSTANT_CONVERSION = YES;
				CLANG_WARN_DEPRECATED_OBJC_IMPLEMENTATIONS = YES;
				CLANG_WARN_DIRECT_OBJC_ISA_USAGE = YES_ERROR;
				CLANG_WARN_DOCUMENTATION_COMMENTS = YES;
				CLANG_WARN_EMPTY_BODY = YES;
				CLANG_WARN_ENUM_CONVERSION = YES;
				CLANG_WARN_INFINITE_RECURSION = YES;
				CLANG_WARN_INT_CONVERSION = YES;
				CLANG_WARN_NON_LITERAL_NULL_CONVERSION = YES;
				CLANG_WARN_OBJC_IMPLICIT_RETAIN_SELF = YES;
				CLANG_WARN_OBJC_LITERAL_CONVERSION = YES;
				CLANG_WARN_OBJC_ROOT_CLASS = YES_ERROR;
				CLANG_WARN_RANGE_LOOP_ANALYSIS = YES;
				CLANG_WARN_STRICT_PROTOTYPES = YES;
				CLANG_WARN_SUSPICIOUS_MOVE = YES;
				CLANG_WARN_UNGUARDED_AVAILABILITY = YES_AGGRESSIVE;
				CLANG_WARN_UNREACHABLE_CODE = YES;
				CLANG_WARN__DUPLICATE_METHOD_MATCH = YES;
				CODE_SIGN_IDENTITY = "iPhone Developer";
				COPY_PHASE_STRIP = NO;
				DEBUG_INFORMATION_FORMAT = "dwarf-with-dsym";
				ENABLE_NS_ASSERTIONS = NO;
				ENABLE_STRICT_OBJC_MSGSEND = YES;
				GCC_C_LANGUAGE_STANDARD = gnu11;
				GCC_NO_COMMON_BLOCKS = YES;
				GCC_WARN_64_TO_32_BIT_CONVERSION = YES;
				GCC_WARN_ABOUT_RETURN_TYPE = YES_ERROR;
				GCC_WARN_UNDECLARED_SELECTOR = YES;
				GCC_WARN_UNINITIALIZED_AUTOS = YES_AGGRESSIVE;
				GCC_WARN_UNUSED_FUNCTION = YES;
				GCC_WARN_UNUSED_VARIABLE = YES;
				IPHONEOS_DEPLOYMENT_TARGET = 12.2;
				MTL_ENABLE_DEBUG_INFO = NO;
				MTL_FAST_MATH = YES;
				SDKROOT = iphoneos;
				SWIFT_COMPILATION_MODE = wholemodule;
				SWIFT_OPTIMIZATION_LEVEL = "-O";
				VALIDATE_PRODUCT = YES;
			};
			name = Release;
		};
		62103A14228B6E1A001EACF2 /* Debug */ = {
			isa = XCBuildConfiguration;
			buildSettings = {
				ASSETCATALOG_COMPILER_APPICON_NAME = AppIcon;
				CODE_SIGN_ALLOW_ENTITLEMENTS_MODIFICATION = YES;
				CODE_SIGN_ENTITLEMENTS = Dicee/Dicee.entitlements;
				CODE_SIGN_STYLE = Automatic;
				DEVELOPMENT_TEAM = 52L69F4SRW;
				FRAMEWORK_SEARCH_PATHS = "$(SRCROOT)/**";
				INFOPLIST_FILE = Dicee/Info.plist;
				LD_RUNPATH_SEARCH_PATHS = (
					"$(inherited)",
					"@executable_path/Frameworks",
				);
				PRODUCT_BUNDLE_IDENTIFIER = com.eduardo.aftest;
				PRODUCT_NAME = "$(TARGET_NAME)";
				SWIFT_VERSION = 5.0;
				TARGETED_DEVICE_FAMILY = 1;
			};
			name = Debug;
		};
		62103A15228B6E1A001EACF2 /* Release */ = {
			isa = XCBuildConfiguration;
			buildSettings = {
				ASSETCATALOG_COMPILER_APPICON_NAME = AppIcon;
				CODE_SIGN_ALLOW_ENTITLEMENTS_MODIFICATION = YES;
				CODE_SIGN_ENTITLEMENTS = Dicee/Dicee.entitlements;
				CODE_SIGN_STYLE = Automatic;
				DEVELOPMENT_TEAM = 52L69F4SRW;
				FRAMEWORK_SEARCH_PATHS = "$(SRCROOT)/**";
				INFOPLIST_FILE = Dicee/Info.plist;
				LD_RUNPATH_SEARCH_PATHS = (
					"$(inherited)",
					"@executable_path/Frameworks",
				);
				PRODUCT_BUNDLE_IDENTIFIER = com.eduardo.aftest;
				PRODUCT_NAME = "$(TARGET_NAME)";
				SWIFT_VERSION = 5.0;
				TARGETED_DEVICE_FAMILY = 1;
			};
			name = Release;
		};
/* End XCBuildConfiguration section */

/* Begin XCConfigurationList section */
		621039FC228B6E18001EACF2 /* Build configuration list for PBXProject "Dicee" */ = {
			isa = XCConfigurationList;
			buildConfigurations = (
				62103A11228B6E1A001EACF2 /* Debug */,
				62103A12228B6E1A001EACF2 /* Release */,
			);
			defaultConfigurationIsVisible = 0;
			defaultConfigurationName = Release;
		};
		62103A13228B6E1A001EACF2 /* Build configuration list for PBXNativeTarget "Dicee" */ = {
			isa = XCConfigurationList;
			buildConfigurations = (
				62103A14228B6E1A001EACF2 /* Debug */,
				62103A15228B6E1A001EACF2 /* Release */,
			);
			defaultConfigurationIsVisible = 0;
			defaultConfigurationName = Release;
		};
/* End XCConfigurationList section */
	};
	rootObject = 621039F9228B6E18001EACF2 /* Project object */;
}
